{
	"name": "ts-learning-note",
	"lockfileVersion": 3,
	"requires": true,
	"packages": {
		"": {
			"dependencies": {
				"@faker-js/faker": "^8.0.2",
				"faker": "^6.6.6"
			},
			"devDependencies": {
				"@types/node": "^18.16.1",
				"typescript": "^5.1.6"
			}
		},
		"node_modules/@faker-js/faker": {
			"version": "8.0.2",
			"resolved": "https://registry.npmmirror.com/@faker-js/faker/-/faker-8.0.2.tgz",
			"integrity": "sha512-Uo3pGspElQW91PCvKSIAXoEgAUlRnH29sX2/p89kg7sP1m2PzCufHINd0FhTXQf6DYGiUlVncdSPa2F9wxed2A==",
			"engines": {
				"node": "^14.17.0 || ^16.13.0 || >=18.0.0",
				"npm": ">=6.14.13"
			}
		},
		"node_modules/@types/node": {
			"version": "18.17.1",
			"resolved": "https://registry.npmmirror.com/@types/node/-/node-18.17.1.tgz",
			"integrity": "sha512-xlR1jahfizdplZYRU59JlUx9uzF1ARa8jbhM11ccpCJya8kvos5jwdm2ZAgxSCwOl0fq21svP18EVwPBXMQudw==",
			"dev": true
		},
		"node_modules/faker": {
			"version": "6.6.6",
			"resolved": "https://registry.npmmirror.com/faker/-/faker-5.5.3.tgz",
			"integrity": "sha512-wLTv2a28wjUyWkbnX7u/ABZBkUkIF2fCd73V6P2oFqEGEktDfzWx4UxrSqtPRw0xPRAcjeAOIiJWqZm3pP4u3g==",
			"deprecated": "[WARNING] Use 5.5.3 instead of 6.6.6, reason: Please use https://github.com/MilosPaunovic/community-faker instead"
		},
		"node_modules/typescript": {
			"version": "5.1.6",
			"resolved": "https://registry.npmmirror.com/typescript/-/typescript-5.1.6.tgz",
			"integrity": "sha512-zaWCozRZ6DLEWAWFrVDz1H6FVXzUSfTy5FUMWsQlU8Ym5JP9eO4xkTIROFCQvhQf61z6O/G6ugw3SgAnvvm+HA==",
			"dev": true,
			"bin": {
				"tsc": "bin/tsc",
				"tsserver": "bin/tsserver"
			},
			"engines": {
				"node": ">=14.17"
			}
		}
	}
}
